{
  "nodes": {
    "flake-parts": {
      "inputs": {
        "nixpkgs-lib": [
          "nixpkgs"
        ]
      },
      "locked": {
        "lastModified": 1759362264,
        "narHash": "sha256-wfG0S7pltlYyZTM+qqlhJ7GMw2fTF4mLKCIVhLii/4M=",
        "owner": "hercules-ci",
        "repo": "flake-parts",
        "rev": "758cf7296bee11f1706a574c77d072b8a7baa881",
        "type": "github"
      },
      "original": {
        "owner": "hercules-ci",
        "repo": "flake-parts",
        "type": "github"
      }
    },
    "nix": {
      "inputs": {
        "flake-parts": [],
        "git-hooks-nix": [],
        "nixpkgs": "nixpkgs",
        "nixpkgs-23-11": [],
        "nixpkgs-regression": []
      },
      "locked": {
        "lastModified": 1760455709,
        "narHash": "sha256-2MfvAEMYmwjofhwiw6+Fomi2W5KKGpl7zGtHKDE+jyQ=",
        "owner": "DeterminateSystems",
        "repo": "nix-src",
        "rev": "15201502b27083bcef20cfd68d519efc27485485",
        "type": "github"
      },
      "original": {
        "owner": "DeterminateSystems",
        "repo": "nix-src",
        "type": "github"
      }
    },
    "nixpkgs": {
      "locked": {
        "lastModified": 1755922037,
        "narHash": "sha256-wY1+2JPH0ZZC4BQefoZw/k+3+DowFyfOxv17CN/idKs=",
        "rev": "b1b3291469652d5a2edb0becc4ef0246fff97a7c",
        "revCount": 808723,
        "type": "tarball",
        "url": "https://api.flakehub.com/f/pinned/NixOS/nixpkgs/0.2505.808723%2Brev-b1b3291469652d5a2edb0becc4ef0246fff97a7c/0198daf7-011a-7703-95d7-57146e794342/source.tar.gz"
      },
      "original": {
        "type": "tarball",
        "url": "https://flakehub.com/f/NixOS/nixpkgs/0.2505"
      }
    },
    "nixpkgs-post": {
      "locked": {
        "lastModified": 1760412234,
        "narHash": "sha256-6AtUaTnFv55NvPpYkLyU8xZDLPRbH+wN62MXLcTD7/Y=",
        "owner": "NixOS",
        "repo": "nixpkgs",
        "rev": "cc98d0c390aa4c61c7f9156999b64a98b575ac9c",
        "type": "github"
      },
      "original": {
        "owner": "NixOS",
        "ref": "pull/437723/head",
        "repo": "nixpkgs",
        "type": "github"
      }
    },
    "nixpkgs-pre": {
      "locked": {
        "lastModified": 1760326451,
        "narHash": "sha256-mUu44pzuRGjb8EYlaxQnZ6K5HIBYbCBo+c/fbg98KPw=",
        "owner": "NixOS",
        "repo": "nixpkgs",
        "rev": "16a0bed90bd882834bf3fc1dea26ed22b67b962f",
        "type": "github"
      },
      "original": {
        "owner": "NixOS",
        "repo": "nixpkgs",
        "rev": "16a0bed90bd882834bf3fc1dea26ed22b67b962f",
        "type": "github"
      }
    },
    "root": {
      "inputs": {
        "flake-parts": "flake-parts",
        "nix": "nix",
        "nixpkgs": [
          "nix",
          "nixpkgs"
        ],
        "nixpkgs-post": "nixpkgs-post",
        "nixpkgs-pre": "nixpkgs-pre"
      }
    }
  },
  "root": "root",
  "version": 7
}
